
Microsoft Visual Studio Solution File, Format Version 12.00
# Visual Studio 15
VisualStudioVersion = 15.0.28307.572
MinimumVisualStudioVersion = 10.0.40219.1
Project("{FAE04EC0-301F-11D3-BF4B-00C04F79EFBC}") = "Ticket System", "Ticket System\Ticket System.csproj", "{7F4165F9-84A3-4369-917A-89CA476CED3A}"
EndProject
Global
	GlobalSection(SolutionConfigurationPlatforms) = preSolution
		Debug|Any CPU = Debug|Any CPU
		Release|Any CPU = Release|Any CPU
	EndGlobalSection
	GlobalSection(ProjectConfigurationPlatforms) = postSolution
		{7F4165F9-84A3-4369-917A-89CA476CED3A}.Debug|Any CPU.ActiveCfg = Debug|Any CPU
		{7F4165F9-84A3-4369-917A-89CA476CED3A}.Debug|Any CPU.Build.0 = Debug|Any CPU
		{7F4165F9-84A3-4369-917A-89CA476CED3A}.Release|Any CPU.ActiveCfg = Release|Any CPU
		{7F4165F9-84A3-4369-917A-89CA476CED3A}.Release|Any CPU.Build.0 = Release|Any CPU
	EndGlobalSection
	GlobalSection(SolutionProperties) = preSolution
		HideSolutionNode = FALSE
	EndGlobalSection
	GlobalSection(ExtensibilityGlobals) = postSolution
		SolutionGuid = {8CA1571A-7543-48C8-99A6-16E08B8D87F8}
	EndGlobalSection
EndGlobal
